Microsoft Visual Studio Solution File, Format Version 11.00
# Visual Studio 2010
Project("{8BC9CEB8-8B4A-11D0-8D11-00A0C91BC942}") = "ALL_BUILD", "ALL_BUILD.vcxproj", "{268C1354-3A00-43CA-9F34-7BFD160A08FE}"
	ProjectSection(ProjectDependencies) = postProject
		{624C6FC2-49A1-4784-B889-97217C3B69E4} = {624C6FC2-49A1-4784-B889-97217C3B69E4}
		{0DD436F0-CFB3-4130-80B5-C9B74410937D} = {0DD436F0-CFB3-4130-80B5-C9B74410937D}
		{787AC0B4-D7D9-48AF-B00D-99FD083F50A5} = {787AC0B4-D7D9-48AF-B00D-99FD083F50A5}
		{A3B6DF4D-6E74-4109-A87D-704BED8D847E} = {A3B6DF4D-6E74-4109-A87D-704BED8D847E}
		{C28657E9-A748-459E-91AB-D33D2EFF28D5} = {C28657E9-A748-459E-91AB-D33D2EFF28D5}
	EndProjectSection
EndProject
Project("{8BC9CEB8-8B4A-11D0-8D11-00A0C91BC942}") = "ZERO_CHECK", "ZERO_CHECK.vcxproj", "{624C6FC2-49A1-4784-B889-97217C3B69E4}"
	ProjectSection(ProjectDependencies) = postProject
	EndProjectSection
EndProject
Project("{8BC9CEB8-8B4A-11D0-8D11-00A0C91BC942}") = "gtest", "externals\ugdk\test\gtest.vcxproj", "{0DD436F0-CFB3-4130-80B5-C9B74410937D}"
	ProjectSection(ProjectDependencies) = postProject
		{624C6FC2-49A1-4784-B889-97217C3B69E4} = {624C6FC2-49A1-4784-B889-97217C3B69E4}
	EndProjectSection
EndProject
Project("{8BC9CEB8-8B4A-11D0-8D11-00A0C91BC942}") = "gtest_main", "externals\ugdk\test\gtest_main.vcxproj", "{787AC0B4-D7D9-48AF-B00D-99FD083F50A5}"
	ProjectSection(ProjectDependencies) = postProject
		{624C6FC2-49A1-4784-B889-97217C3B69E4} = {624C6FC2-49A1-4784-B889-97217C3B69E4}
		{0DD436F0-CFB3-4130-80B5-C9B74410937D} = {0DD436F0-CFB3-4130-80B5-C9B74410937D}
	EndProjectSection
EndProject
Project("{8BC9CEB8-8B4A-11D0-8D11-00A0C91BC942}") = "roguelike", "src\roguelike.vcxproj", "{A3B6DF4D-6E74-4109-A87D-704BED8D847E}"
	ProjectSection(ProjectDependencies) = postProject
		{624C6FC2-49A1-4784-B889-97217C3B69E4} = {624C6FC2-49A1-4784-B889-97217C3B69E4}
		{C28657E9-A748-459E-91AB-D33D2EFF28D5} = {C28657E9-A748-459E-91AB-D33D2EFF28D5}
	EndProjectSection
EndProject
Project("{8BC9CEB8-8B4A-11D0-8D11-00A0C91BC942}") = "test", "externals\ugdk\test\test.vcxproj", "{BC342BEE-BD6C-48BD-8334-9CE7D1A04F76}"
	ProjectSection(ProjectDependencies) = postProject
		{624C6FC2-49A1-4784-B889-97217C3B69E4} = {624C6FC2-49A1-4784-B889-97217C3B69E4}
		{787AC0B4-D7D9-48AF-B00D-99FD083F50A5} = {787AC0B4-D7D9-48AF-B00D-99FD083F50A5}
		{C28657E9-A748-459E-91AB-D33D2EFF28D5} = {C28657E9-A748-459E-91AB-D33D2EFF28D5}
	EndProjectSection
EndProject
Project("{8BC9CEB8-8B4A-11D0-8D11-00A0C91BC942}") = "ugdk", "externals\ugdk\ugdk.vcxproj", "{C28657E9-A748-459E-91AB-D33D2EFF28D5}"
	ProjectSection(ProjectDependencies) = postProject
		{624C6FC2-49A1-4784-B889-97217C3B69E4} = {624C6FC2-49A1-4784-B889-97217C3B69E4}
	EndProjectSection
EndProject
Global
	GlobalSection(SolutionConfigurationPlatforms) = preSolution
		Debug|x64 = Debug|x64
		Release|x64 = Release|x64
		MinSizeRel|x64 = MinSizeRel|x64
		RelWithDebInfo|x64 = RelWithDebInfo|x64
	EndGlobalSection
	GlobalSection(ProjectConfigurationPlatforms) = postSolution
		{268C1354-3A00-43CA-9F34-7BFD160A08FE}.Debug|x64.ActiveCfg = Debug|x64
		{268C1354-3A00-43CA-9F34-7BFD160A08FE}.Release|x64.ActiveCfg = Release|x64
		{268C1354-3A00-43CA-9F34-7BFD160A08FE}.MinSizeRel|x64.ActiveCfg = MinSizeRel|x64
		{268C1354-3A00-43CA-9F34-7BFD160A08FE}.RelWithDebInfo|x64.ActiveCfg = RelWithDebInfo|x64
		{624C6FC2-49A1-4784-B889-97217C3B69E4}.Debug|x64.ActiveCfg = Debug|x64
		{624C6FC2-49A1-4784-B889-97217C3B69E4}.Debug|x64.Build.0 = Debug|x64
		{624C6FC2-49A1-4784-B889-97217C3B69E4}.Release|x64.ActiveCfg = Release|x64
		{624C6FC2-49A1-4784-B889-97217C3B69E4}.Release|x64.Build.0 = Release|x64
		{624C6FC2-49A1-4784-B889-97217C3B69E4}.MinSizeRel|x64.ActiveCfg = MinSizeRel|x64
		{624C6FC2-49A1-4784-B889-97217C3B69E4}.MinSizeRel|x64.Build.0 = MinSizeRel|x64
		{624C6FC2-49A1-4784-B889-97217C3B69E4}.RelWithDebInfo|x64.ActiveCfg = RelWithDebInfo|x64
		{624C6FC2-49A1-4784-B889-97217C3B69E4}.RelWithDebInfo|x64.Build.0 = RelWithDebInfo|x64
		{0DD436F0-CFB3-4130-80B5-C9B74410937D}.Debug|x64.ActiveCfg = Debug|x64
		{0DD436F0-CFB3-4130-80B5-C9B74410937D}.Debug|x64.Build.0 = Debug|x64
		{0DD436F0-CFB3-4130-80B5-C9B74410937D}.Release|x64.ActiveCfg = Release|x64
		{0DD436F0-CFB3-4130-80B5-C9B74410937D}.Release|x64.Build.0 = Release|x64
		{0DD436F0-CFB3-4130-80B5-C9B74410937D}.MinSizeRel|x64.ActiveCfg = MinSizeRel|x64
		{0DD436F0-CFB3-4130-80B5-C9B74410937D}.MinSizeRel|x64.Build.0 = MinSizeRel|x64
		{0DD436F0-CFB3-4130-80B5-C9B74410937D}.RelWithDebInfo|x64.ActiveCfg = RelWithDebInfo|x64
		{0DD436F0-CFB3-4130-80B5-C9B74410937D}.RelWithDebInfo|x64.Build.0 = RelWithDebInfo|x64
		{787AC0B4-D7D9-48AF-B00D-99FD083F50A5}.Debug|x64.ActiveCfg = Debug|x64
		{787AC0B4-D7D9-48AF-B00D-99FD083F50A5}.Debug|x64.Build.0 = Debug|x64
		{787AC0B4-D7D9-48AF-B00D-99FD083F50A5}.Release|x64.ActiveCfg = Release|x64
		{787AC0B4-D7D9-48AF-B00D-99FD083F50A5}.Release|x64.Build.0 = Release|x64
		{787AC0B4-D7D9-48AF-B00D-99FD083F50A5}.MinSizeRel|x64.ActiveCfg = MinSizeRel|x64
		{787AC0B4-D7D9-48AF-B00D-99FD083F50A5}.MinSizeRel|x64.Build.0 = MinSizeRel|x64
		{787AC0B4-D7D9-48AF-B00D-99FD083F50A5}.RelWithDebInfo|x64.ActiveCfg = RelWithDebInfo|x64
		{787AC0B4-D7D9-48AF-B00D-99FD083F50A5}.RelWithDebInfo|x64.Build.0 = RelWithDebInfo|x64
		{A3B6DF4D-6E74-4109-A87D-704BED8D847E}.Debug|x64.ActiveCfg = Debug|x64
		{A3B6DF4D-6E74-4109-A87D-704BED8D847E}.Debug|x64.Build.0 = Debug|x64
		{A3B6DF4D-6E74-4109-A87D-704BED8D847E}.Release|x64.ActiveCfg = Release|x64
		{A3B6DF4D-6E74-4109-A87D-704BED8D847E}.Release|x64.Build.0 = Release|x64
		{A3B6DF4D-6E74-4109-A87D-704BED8D847E}.MinSizeRel|x64.ActiveCfg = MinSizeRel|x64
		{A3B6DF4D-6E74-4109-A87D-704BED8D847E}.MinSizeRel|x64.Build.0 = MinSizeRel|x64
		{A3B6DF4D-6E74-4109-A87D-704BED8D847E}.RelWithDebInfo|x64.ActiveCfg = RelWithDebInfo|x64
		{A3B6DF4D-6E74-4109-A87D-704BED8D847E}.RelWithDebInfo|x64.Build.0 = RelWithDebInfo|x64
		{BC342BEE-BD6C-48BD-8334-9CE7D1A04F76}.Debug|x64.ActiveCfg = Debug|x64
		{BC342BEE-BD6C-48BD-8334-9CE7D1A04F76}.Debug|x64.Build.0 = Debug|x64
		{BC342BEE-BD6C-48BD-8334-9CE7D1A04F76}.Release|x64.ActiveCfg = Release|x64
		{BC342BEE-BD6C-48BD-8334-9CE7D1A04F76}.Release|x64.Build.0 = Release|x64
		{BC342BEE-BD6C-48BD-8334-9CE7D1A04F76}.MinSizeRel|x64.ActiveCfg = MinSizeRel|x64
		{BC342BEE-BD6C-48BD-8334-9CE7D1A04F76}.MinSizeRel|x64.Build.0 = MinSizeRel|x64
		{BC342BEE-BD6C-48BD-8334-9CE7D1A04F76}.RelWithDebInfo|x64.ActiveCfg = RelWithDebInfo|x64
		{BC342BEE-BD6C-48BD-8334-9CE7D1A04F76}.RelWithDebInfo|x64.Build.0 = RelWithDebInfo|x64
		{C28657E9-A748-459E-91AB-D33D2EFF28D5}.Debug|x64.ActiveCfg = Debug|x64
		{C28657E9-A748-459E-91AB-D33D2EFF28D5}.Debug|x64.Build.0 = Debug|x64
		{C28657E9-A748-459E-91AB-D33D2EFF28D5}.Release|x64.ActiveCfg = Release|x64
		{C28657E9-A748-459E-91AB-D33D2EFF28D5}.Release|x64.Build.0 = Release|x64
		{C28657E9-A748-459E-91AB-D33D2EFF28D5}.MinSizeRel|x64.ActiveCfg = MinSizeRel|x64
		{C28657E9-A748-459E-91AB-D33D2EFF28D5}.MinSizeRel|x64.Build.0 = MinSizeRel|x64
		{C28657E9-A748-459E-91AB-D33D2EFF28D5}.RelWithDebInfo|x64.ActiveCfg = RelWithDebInfo|x64
		{C28657E9-A748-459E-91AB-D33D2EFF28D5}.RelWithDebInfo|x64.Build.0 = RelWithDebInfo|x64
	EndGlobalSection
	GlobalSection(ExtensibilityGlobals) = postSolution
	EndGlobalSection
	GlobalSection(ExtensibilityAddIns) = postSolution
	EndGlobalSection
EndGlobal
