Microsoft Visual Studio Solution File, Format Version 11.00
# Visual Studio 2010
Project("{8BC9CEB8-8B4A-11D0-8D11-00A0C91BC942}") = "ALL_BUILD", "ALL_BUILD.vcxproj", "{59076CEF-BBB5-4B30-A64C-FE7A2EEC3334}"
	ProjectSection(ProjectDependencies) = postProject
		{D0BD2E75-0030-4F8D-A69B-0B427BFDECB2} = {D0BD2E75-0030-4F8D-A69B-0B427BFDECB2}
		{4C71CEF0-72AB-4BFC-9829-4CB3F443BDA1} = {4C71CEF0-72AB-4BFC-9829-4CB3F443BDA1}
		{EE4B97E4-EA19-495D-B814-4D39BFFF6601} = {EE4B97E4-EA19-495D-B814-4D39BFFF6601}
		{5BAAA21F-3FE4-4DA9-BE08-60B9BC223A6C} = {5BAAA21F-3FE4-4DA9-BE08-60B9BC223A6C}
		{4A038D53-50F5-4ED3-BEE7-DF57AFA321E6} = {4A038D53-50F5-4ED3-BEE7-DF57AFA321E6}
	EndProjectSection
EndProject
Project("{8BC9CEB8-8B4A-11D0-8D11-00A0C91BC942}") = "ZERO_CHECK", "ZERO_CHECK.vcxproj", "{D0BD2E75-0030-4F8D-A69B-0B427BFDECB2}"
	ProjectSection(ProjectDependencies) = postProject
	EndProjectSection
EndProject
Project("{8BC9CEB8-8B4A-11D0-8D11-00A0C91BC942}") = "gtest", "externals\ugdk\test\gtest.vcxproj", "{4C71CEF0-72AB-4BFC-9829-4CB3F443BDA1}"
	ProjectSection(ProjectDependencies) = postProject
		{D0BD2E75-0030-4F8D-A69B-0B427BFDECB2} = {D0BD2E75-0030-4F8D-A69B-0B427BFDECB2}
	EndProjectSection
EndProject
Project("{8BC9CEB8-8B4A-11D0-8D11-00A0C91BC942}") = "gtest_main", "externals\ugdk\test\gtest_main.vcxproj", "{EE4B97E4-EA19-495D-B814-4D39BFFF6601}"
	ProjectSection(ProjectDependencies) = postProject
		{D0BD2E75-0030-4F8D-A69B-0B427BFDECB2} = {D0BD2E75-0030-4F8D-A69B-0B427BFDECB2}
		{4C71CEF0-72AB-4BFC-9829-4CB3F443BDA1} = {4C71CEF0-72AB-4BFC-9829-4CB3F443BDA1}
	EndProjectSection
EndProject
Project("{8BC9CEB8-8B4A-11D0-8D11-00A0C91BC942}") = "roguelike", "src\roguelike.vcxproj", "{5BAAA21F-3FE4-4DA9-BE08-60B9BC223A6C}"
	ProjectSection(ProjectDependencies) = postProject
		{D0BD2E75-0030-4F8D-A69B-0B427BFDECB2} = {D0BD2E75-0030-4F8D-A69B-0B427BFDECB2}
		{4A038D53-50F5-4ED3-BEE7-DF57AFA321E6} = {4A038D53-50F5-4ED3-BEE7-DF57AFA321E6}
	EndProjectSection
EndProject
Project("{8BC9CEB8-8B4A-11D0-8D11-00A0C91BC942}") = "test", "externals\ugdk\test\test.vcxproj", "{310C9A5A-E074-4C02-BC7D-52EF331E008C}"
	ProjectSection(ProjectDependencies) = postProject
		{D0BD2E75-0030-4F8D-A69B-0B427BFDECB2} = {D0BD2E75-0030-4F8D-A69B-0B427BFDECB2}
		{EE4B97E4-EA19-495D-B814-4D39BFFF6601} = {EE4B97E4-EA19-495D-B814-4D39BFFF6601}
		{4A038D53-50F5-4ED3-BEE7-DF57AFA321E6} = {4A038D53-50F5-4ED3-BEE7-DF57AFA321E6}
	EndProjectSection
EndProject
Project("{8BC9CEB8-8B4A-11D0-8D11-00A0C91BC942}") = "ugdk", "externals\ugdk\ugdk.vcxproj", "{4A038D53-50F5-4ED3-BEE7-DF57AFA321E6}"
	ProjectSection(ProjectDependencies) = postProject
		{D0BD2E75-0030-4F8D-A69B-0B427BFDECB2} = {D0BD2E75-0030-4F8D-A69B-0B427BFDECB2}
	EndProjectSection
EndProject
Global
	GlobalSection(SolutionConfigurationPlatforms) = preSolution
		Debug|x64 = Debug|x64
		Release|x64 = Release|x64
		MinSizeRel|x64 = MinSizeRel|x64
		RelWithDebInfo|x64 = RelWithDebInfo|x64
	EndGlobalSection
	GlobalSection(ProjectConfigurationPlatforms) = postSolution
		{59076CEF-BBB5-4B30-A64C-FE7A2EEC3334}.Debug|x64.ActiveCfg = Debug|x64
		{59076CEF-BBB5-4B30-A64C-FE7A2EEC3334}.Release|x64.ActiveCfg = Release|x64
		{59076CEF-BBB5-4B30-A64C-FE7A2EEC3334}.MinSizeRel|x64.ActiveCfg = MinSizeRel|x64
		{59076CEF-BBB5-4B30-A64C-FE7A2EEC3334}.RelWithDebInfo|x64.ActiveCfg = RelWithDebInfo|x64
		{D0BD2E75-0030-4F8D-A69B-0B427BFDECB2}.Debug|x64.ActiveCfg = Debug|x64
		{D0BD2E75-0030-4F8D-A69B-0B427BFDECB2}.Debug|x64.Build.0 = Debug|x64
		{D0BD2E75-0030-4F8D-A69B-0B427BFDECB2}.Release|x64.ActiveCfg = Release|x64
		{D0BD2E75-0030-4F8D-A69B-0B427BFDECB2}.Release|x64.Build.0 = Release|x64
		{D0BD2E75-0030-4F8D-A69B-0B427BFDECB2}.MinSizeRel|x64.ActiveCfg = MinSizeRel|x64
		{D0BD2E75-0030-4F8D-A69B-0B427BFDECB2}.MinSizeRel|x64.Build.0 = MinSizeRel|x64
		{D0BD2E75-0030-4F8D-A69B-0B427BFDECB2}.RelWithDebInfo|x64.ActiveCfg = RelWithDebInfo|x64
		{D0BD2E75-0030-4F8D-A69B-0B427BFDECB2}.RelWithDebInfo|x64.Build.0 = RelWithDebInfo|x64
		{4C71CEF0-72AB-4BFC-9829-4CB3F443BDA1}.Debug|x64.ActiveCfg = Debug|x64
		{4C71CEF0-72AB-4BFC-9829-4CB3F443BDA1}.Debug|x64.Build.0 = Debug|x64
		{4C71CEF0-72AB-4BFC-9829-4CB3F443BDA1}.Release|x64.ActiveCfg = Release|x64
		{4C71CEF0-72AB-4BFC-9829-4CB3F443BDA1}.Release|x64.Build.0 = Release|x64
		{4C71CEF0-72AB-4BFC-9829-4CB3F443BDA1}.MinSizeRel|x64.ActiveCfg = MinSizeRel|x64
		{4C71CEF0-72AB-4BFC-9829-4CB3F443BDA1}.MinSizeRel|x64.Build.0 = MinSizeRel|x64
		{4C71CEF0-72AB-4BFC-9829-4CB3F443BDA1}.RelWithDebInfo|x64.ActiveCfg = RelWithDebInfo|x64
		{4C71CEF0-72AB-4BFC-9829-4CB3F443BDA1}.RelWithDebInfo|x64.Build.0 = RelWithDebInfo|x64
		{EE4B97E4-EA19-495D-B814-4D39BFFF6601}.Debug|x64.ActiveCfg = Debug|x64
		{EE4B97E4-EA19-495D-B814-4D39BFFF6601}.Debug|x64.Build.0 = Debug|x64
		{EE4B97E4-EA19-495D-B814-4D39BFFF6601}.Release|x64.ActiveCfg = Release|x64
		{EE4B97E4-EA19-495D-B814-4D39BFFF6601}.Release|x64.Build.0 = Release|x64
		{EE4B97E4-EA19-495D-B814-4D39BFFF6601}.MinSizeRel|x64.ActiveCfg = MinSizeRel|x64
		{EE4B97E4-EA19-495D-B814-4D39BFFF6601}.MinSizeRel|x64.Build.0 = MinSizeRel|x64
		{EE4B97E4-EA19-495D-B814-4D39BFFF6601}.RelWithDebInfo|x64.ActiveCfg = RelWithDebInfo|x64
		{EE4B97E4-EA19-495D-B814-4D39BFFF6601}.RelWithDebInfo|x64.Build.0 = RelWithDebInfo|x64
		{5BAAA21F-3FE4-4DA9-BE08-60B9BC223A6C}.Debug|x64.ActiveCfg = Debug|x64
		{5BAAA21F-3FE4-4DA9-BE08-60B9BC223A6C}.Debug|x64.Build.0 = Debug|x64
		{5BAAA21F-3FE4-4DA9-BE08-60B9BC223A6C}.Release|x64.ActiveCfg = Release|x64
		{5BAAA21F-3FE4-4DA9-BE08-60B9BC223A6C}.Release|x64.Build.0 = Release|x64
		{5BAAA21F-3FE4-4DA9-BE08-60B9BC223A6C}.MinSizeRel|x64.ActiveCfg = MinSizeRel|x64
		{5BAAA21F-3FE4-4DA9-BE08-60B9BC223A6C}.MinSizeRel|x64.Build.0 = MinSizeRel|x64
		{5BAAA21F-3FE4-4DA9-BE08-60B9BC223A6C}.RelWithDebInfo|x64.ActiveCfg = RelWithDebInfo|x64
		{5BAAA21F-3FE4-4DA9-BE08-60B9BC223A6C}.RelWithDebInfo|x64.Build.0 = RelWithDebInfo|x64
		{310C9A5A-E074-4C02-BC7D-52EF331E008C}.Debug|x64.ActiveCfg = Debug|x64
		{310C9A5A-E074-4C02-BC7D-52EF331E008C}.Debug|x64.Build.0 = Debug|x64
		{310C9A5A-E074-4C02-BC7D-52EF331E008C}.Release|x64.ActiveCfg = Release|x64
		{310C9A5A-E074-4C02-BC7D-52EF331E008C}.Release|x64.Build.0 = Release|x64
		{310C9A5A-E074-4C02-BC7D-52EF331E008C}.MinSizeRel|x64.ActiveCfg = MinSizeRel|x64
		{310C9A5A-E074-4C02-BC7D-52EF331E008C}.MinSizeRel|x64.Build.0 = MinSizeRel|x64
		{310C9A5A-E074-4C02-BC7D-52EF331E008C}.RelWithDebInfo|x64.ActiveCfg = RelWithDebInfo|x64
		{310C9A5A-E074-4C02-BC7D-52EF331E008C}.RelWithDebInfo|x64.Build.0 = RelWithDebInfo|x64
		{4A038D53-50F5-4ED3-BEE7-DF57AFA321E6}.Debug|x64.ActiveCfg = Debug|x64
		{4A038D53-50F5-4ED3-BEE7-DF57AFA321E6}.Debug|x64.Build.0 = Debug|x64
		{4A038D53-50F5-4ED3-BEE7-DF57AFA321E6}.Release|x64.ActiveCfg = Release|x64
		{4A038D53-50F5-4ED3-BEE7-DF57AFA321E6}.Release|x64.Build.0 = Release|x64
		{4A038D53-50F5-4ED3-BEE7-DF57AFA321E6}.MinSizeRel|x64.ActiveCfg = MinSizeRel|x64
		{4A038D53-50F5-4ED3-BEE7-DF57AFA321E6}.MinSizeRel|x64.Build.0 = MinSizeRel|x64
		{4A038D53-50F5-4ED3-BEE7-DF57AFA321E6}.RelWithDebInfo|x64.ActiveCfg = RelWithDebInfo|x64
		{4A038D53-50F5-4ED3-BEE7-DF57AFA321E6}.RelWithDebInfo|x64.Build.0 = RelWithDebInfo|x64
	EndGlobalSection
	GlobalSection(ExtensibilityGlobals) = postSolution
	EndGlobalSection
	GlobalSection(ExtensibilityAddIns) = postSolution
	EndGlobalSection
EndGlobal
