<?xml version="1.0" encoding="utf-8"?>
<Project ToolsVersion="4.0" xmlns="http://schemas.microsoft.com/developer/msbuild/2003">
  <ItemGroup>
    <ClCompile Include="C:\Users\brocoli\Documents\Visual Studio 2010\Projects\roguelike\src\game\alg\losprocessor.cc">
      <Filter>Source Files</Filter>
    </ClCompile>
    <ClCompile Include="C:\Users\brocoli\Documents\Visual Studio 2010\Projects\roguelike\src\game\base\gamecontroller.cc">
      <Filter>Source Files</Filter>
    </ClCompile>
    <ClCompile Include="C:\Users\brocoli\Documents\Visual Studio 2010\Projects\roguelike\src\game\base\gameobject.cc">
      <Filter>Source Files</Filter>
    </ClCompile>
    <ClCompile Include="C:\Users\brocoli\Documents\Visual Studio 2010\Projects\roguelike\src\game\base\gametile.cc">
      <Filter>Source Files</Filter>
    </ClCompile>
    <ClCompile Include="C:\Users\brocoli\Documents\Visual Studio 2010\Projects\roguelike\src\game\builders\objectbuilder.cc">
      <Filter>Source Files</Filter>
    </ClCompile>
    <ClCompile Include="C:\Users\brocoli\Documents\Visual Studio 2010\Projects\roguelike\src\game\components\controller_ai.cc">
      <Filter>Source Files</Filter>
    </ClCompile>
    <ClCompile Include="C:\Users\brocoli\Documents\Visual Studio 2010\Projects\roguelike\src\game\components\controller_idle.cc">
      <Filter>Source Files</Filter>
    </ClCompile>
    <ClCompile Include="C:\Users\brocoli\Documents\Visual Studio 2010\Projects\roguelike\src\game\components\controller_player.cc">
      <Filter>Source Files</Filter>
    </ClCompile>
    <ClCompile Include="C:\Users\brocoli\Documents\Visual Studio 2010\Projects\roguelike\src\game\components\damageable.cc">
      <Filter>Source Files</Filter>
    </ClCompile>
    <ClCompile Include="C:\Users\brocoli\Documents\Visual Studio 2010\Projects\roguelike\src\game\components\graphic.cc">
      <Filter>Source Files</Filter>
    </ClCompile>
    <ClCompile Include="C:\Users\brocoli\Documents\Visual Studio 2010\Projects\roguelike\src\game\components\graphic_rectangular.cc">
      <Filter>Source Files</Filter>
    </ClCompile>
    <ClCompile Include="C:\Users\brocoli\Documents\Visual Studio 2010\Projects\roguelike\src\game\components\shape_rectangular.cc">
      <Filter>Source Files</Filter>
    </ClCompile>
    <ClCompile Include="C:\Users\brocoli\Documents\Visual Studio 2010\Projects\roguelike\src\game\components\vision.cc">
      <Filter>Source Files</Filter>
    </ClCompile>
    <ClCompile Include="C:\Users\brocoli\Documents\Visual Studio 2010\Projects\roguelike\src\main.cc">
      <Filter>Source Files</Filter>
    </ClCompile>
  </ItemGroup>
  <ItemGroup>
    <ClInclude Include="C:\Users\brocoli\Documents\Visual Studio 2010\Projects\roguelike\src\game\action\movement.h">
      <Filter>Header Files</Filter>
    </ClInclude>
    <ClInclude Include="C:\Users\brocoli\Documents\Visual Studio 2010\Projects\roguelike\src\game\action.h">
      <Filter>Header Files</Filter>
    </ClInclude>
    <ClInclude Include="C:\Users\brocoli\Documents\Visual Studio 2010\Projects\roguelike\src\game\alg\eqline.h">
      <Filter>Header Files</Filter>
    </ClInclude>
    <ClInclude Include="C:\Users\brocoli\Documents\Visual Studio 2010\Projects\roguelike\src\game\alg\losprocessor.h">
      <Filter>Header Files</Filter>
    </ClInclude>
    <ClInclude Include="C:\Users\brocoli\Documents\Visual Studio 2010\Projects\roguelike\src\game\alg.h">
      <Filter>Header Files</Filter>
    </ClInclude>
    <ClInclude Include="C:\Users\brocoli\Documents\Visual Studio 2010\Projects\roguelike\src\game\base\gamecontroller.h">
      <Filter>Header Files</Filter>
    </ClInclude>
    <ClInclude Include="C:\Users\brocoli\Documents\Visual Studio 2010\Projects\roguelike\src\game\base\gameobject.h">
      <Filter>Header Files</Filter>
    </ClInclude>
    <ClInclude Include="C:\Users\brocoli\Documents\Visual Studio 2010\Projects\roguelike\src\game\base\gametile.h">
      <Filter>Header Files</Filter>
    </ClInclude>
    <ClInclude Include="C:\Users\brocoli\Documents\Visual Studio 2010\Projects\roguelike\src\game\base.h">
      <Filter>Header Files</Filter>
    </ClInclude>
    <ClInclude Include="C:\Users\brocoli\Documents\Visual Studio 2010\Projects\roguelike\src\game\builder.h">
      <Filter>Header Files</Filter>
    </ClInclude>
    <ClInclude Include="C:\Users\brocoli\Documents\Visual Studio 2010\Projects\roguelike\src\game\builders\objectbuilder.h">
      <Filter>Header Files</Filter>
    </ClInclude>
    <ClInclude Include="C:\Users\brocoli\Documents\Visual Studio 2010\Projects\roguelike\src\game\component.h">
      <Filter>Header Files</Filter>
    </ClInclude>
    <ClInclude Include="C:\Users\brocoli\Documents\Visual Studio 2010\Projects\roguelike\src\game\components\componentbase.h">
      <Filter>Header Files</Filter>
    </ClInclude>
    <ClInclude Include="C:\Users\brocoli\Documents\Visual Studio 2010\Projects\roguelike\src\game\components\controller.h">
      <Filter>Header Files</Filter>
    </ClInclude>
    <ClInclude Include="C:\Users\brocoli\Documents\Visual Studio 2010\Projects\roguelike\src\game\components\controller_ai.h">
      <Filter>Header Files</Filter>
    </ClInclude>
    <ClInclude Include="C:\Users\brocoli\Documents\Visual Studio 2010\Projects\roguelike\src\game\components\controller_idle.h">
      <Filter>Header Files</Filter>
    </ClInclude>
    <ClInclude Include="C:\Users\brocoli\Documents\Visual Studio 2010\Projects\roguelike\src\game\components\controller_player.h">
      <Filter>Header Files</Filter>
    </ClInclude>
    <ClInclude Include="C:\Users\brocoli\Documents\Visual Studio 2010\Projects\roguelike\src\game\components\damageable.h">
      <Filter>Header Files</Filter>
    </ClInclude>
    <ClInclude Include="C:\Users\brocoli\Documents\Visual Studio 2010\Projects\roguelike\src\game\components\graphic.h">
      <Filter>Header Files</Filter>
    </ClInclude>
    <ClInclude Include="C:\Users\brocoli\Documents\Visual Studio 2010\Projects\roguelike\src\game\components\graphic_rectangular.h">
      <Filter>Header Files</Filter>
    </ClInclude>
    <ClInclude Include="C:\Users\brocoli\Documents\Visual Studio 2010\Projects\roguelike\src\game\components\shape.h">
      <Filter>Header Files</Filter>
    </ClInclude>
    <ClInclude Include="C:\Users\brocoli\Documents\Visual Studio 2010\Projects\roguelike\src\game\components\shape_rectangular.h">
      <Filter>Header Files</Filter>
    </ClInclude>
    <ClInclude Include="C:\Users\brocoli\Documents\Visual Studio 2010\Projects\roguelike\src\game\components\vision.h">
      <Filter>Header Files</Filter>
    </ClInclude>
    <ClInclude Include="C:\Users\brocoli\Documents\Visual Studio 2010\Projects\roguelike\src\utils\utils.h">
      <Filter>Header Files</Filter>
    </ClInclude>
    <ClInclude Include="game\config.h" />
  </ItemGroup>
  <ItemGroup>
  </ItemGroup>
  <ItemGroup>
  </ItemGroup>
  <ItemGroup>
    <CustomBuild Include="CMakeLists.txt" />
  </ItemGroup>
  <ItemGroup>
    <Filter Include="Source Files">
      <UniqueIdentifier>{49850A2F-84D5-4FA7-B01F-2EAB86B2A81B}</UniqueIdentifier>
    </Filter>
    <Filter Include="Header Files">
      <UniqueIdentifier>{4E871E18-2A62-4409-A3CE-6CE3186904BA}</UniqueIdentifier>
    </Filter>
  </ItemGroup>
  <ItemGroup>
  </ItemGroup>
</Project>